
Microsoft Visual Studio Solution File, Format Version 12.00
Project("{FAE04EC0-301F-11D3-BF4B-00C04F79EFBC}") = "CanUpdaterCli", "CanUpdaterCli\CanUpdaterCli.csproj", "{AAEA0E65-2CCE-4309-A5F6-F380D42D0143}"
EndProject
Project("{FAE04EC0-301F-11D3-BF4B-00C04F79EFBC}") = "CanUpdater", "CanUpdater\CanUpdater.csproj", "{24B0B8B3-CA7C-41D9-91FA-7E8405AB6A6F}"
EndProject
Project("{FAE04EC0-301F-11D3-BF4B-00C04F79EFBC}") = "IntelHex", "IntelHex\IntelHex.csproj", "{3D91A088-1328-4C71-ACE8-79AA34450CF4}"
EndProject
Project("{FAE04EC0-301F-11D3-BF4B-00C04F79EFBC}") = "CanDriver", "CanDriver\CanDriver.csproj", "{7D64D4CF-A049-48F8-923B-0D89FE3A41AD}"
EndProject
Project("{FAE04EC0-301F-11D3-BF4B-00C04F79EFBC}") = "DbcReader", "DbcReader\DbcReader.csproj", "{684DC8DC-4926-4F3F-AE11-312A1A763FEA}"
EndProject
Project("{FAE04EC0-301F-11D3-BF4B-00C04F79EFBC}") = "CalTp", "CalTp\CalTp.csproj", "{AA98C77E-C8D1-4926-B245-6C625E29489C}"
EndProject
Project("{FAE04EC0-301F-11D3-BF4B-00C04F79EFBC}") = "FirmwarePack", "FirmwarePack\FirmwarePack.csproj", "{1C3F23B9-4AB1-4E4B-B784-216D4A45F04F}"
EndProject
Project("{FAE04EC0-301F-11D3-BF4B-00C04F79EFBC}") = "FwPackGen", "FwPackGen\FwPackGen.csproj", "{54AC4E06-F8BE-4749-A3A8-BB55177ADBBD}"
EndProject
Global
	GlobalSection(SolutionConfigurationPlatforms) = preSolution
		Debug|Any CPU = Debug|Any CPU
		Release|Any CPU = Release|Any CPU
	EndGlobalSection
	GlobalSection(ProjectConfigurationPlatforms) = postSolution
		{AAEA0E65-2CCE-4309-A5F6-F380D42D0143}.Debug|Any CPU.ActiveCfg = Debug|Any CPU
		{AAEA0E65-2CCE-4309-A5F6-F380D42D0143}.Release|Any CPU.ActiveCfg = Release|Any CPU
		{AAEA0E65-2CCE-4309-A5F6-F380D42D0143}.Release|Any CPU.Build.0 = Release|Any CPU
		{AAEA0E65-2CCE-4309-A5F6-F380D42D0143}.Debug|Any CPU.Build.0 = Debug|Any CPU
		{24B0B8B3-CA7C-41D9-91FA-7E8405AB6A6F}.Debug|Any CPU.ActiveCfg = Debug|Any CPU
		{24B0B8B3-CA7C-41D9-91FA-7E8405AB6A6F}.Debug|Any CPU.Build.0 = Debug|Any CPU
		{24B0B8B3-CA7C-41D9-91FA-7E8405AB6A6F}.Release|Any CPU.ActiveCfg = Release|Any CPU
		{24B0B8B3-CA7C-41D9-91FA-7E8405AB6A6F}.Release|Any CPU.Build.0 = Release|Any CPU
		{3D91A088-1328-4C71-ACE8-79AA34450CF4}.Debug|Any CPU.ActiveCfg = Debug|Any CPU
		{3D91A088-1328-4C71-ACE8-79AA34450CF4}.Release|Any CPU.ActiveCfg = Release|Any CPU
		{3D91A088-1328-4C71-ACE8-79AA34450CF4}.Release|Any CPU.Build.0 = Release|Any CPU
		{7D64D4CF-A049-48F8-923B-0D89FE3A41AD}.Debug|Any CPU.ActiveCfg = Debug|Any CPU
		{7D64D4CF-A049-48F8-923B-0D89FE3A41AD}.Debug|Any CPU.Build.0 = Debug|Any CPU
		{7D64D4CF-A049-48F8-923B-0D89FE3A41AD}.Release|Any CPU.ActiveCfg = Release|Any CPU
		{7D64D4CF-A049-48F8-923B-0D89FE3A41AD}.Release|Any CPU.Build.0 = Release|Any CPU
		{684DC8DC-4926-4F3F-AE11-312A1A763FEA}.Debug|Any CPU.ActiveCfg = Debug|Any CPU
		{684DC8DC-4926-4F3F-AE11-312A1A763FEA}.Debug|Any CPU.Build.0 = Debug|Any CPU
		{684DC8DC-4926-4F3F-AE11-312A1A763FEA}.Release|Any CPU.ActiveCfg = Release|Any CPU
		{684DC8DC-4926-4F3F-AE11-312A1A763FEA}.Release|Any CPU.Build.0 = Release|Any CPU
		{AA98C77E-C8D1-4926-B245-6C625E29489C}.Debug|Any CPU.ActiveCfg = Debug|Any CPU
		{AA98C77E-C8D1-4926-B245-6C625E29489C}.Debug|Any CPU.Build.0 = Debug|Any CPU
		{AA98C77E-C8D1-4926-B245-6C625E29489C}.Release|Any CPU.ActiveCfg = Release|Any CPU
		{AA98C77E-C8D1-4926-B245-6C625E29489C}.Release|Any CPU.Build.0 = Release|Any CPU
		{1C3F23B9-4AB1-4E4B-B784-216D4A45F04F}.Debug|Any CPU.ActiveCfg = Debug|Any CPU
		{1C3F23B9-4AB1-4E4B-B784-216D4A45F04F}.Debug|Any CPU.Build.0 = Debug|Any CPU
		{1C3F23B9-4AB1-4E4B-B784-216D4A45F04F}.Release|Any CPU.ActiveCfg = Release|Any CPU
		{1C3F23B9-4AB1-4E4B-B784-216D4A45F04F}.Release|Any CPU.Build.0 = Release|Any CPU
		{54AC4E06-F8BE-4749-A3A8-BB55177ADBBD}.Debug|Any CPU.ActiveCfg = Debug|Any CPU
		{54AC4E06-F8BE-4749-A3A8-BB55177ADBBD}.Debug|Any CPU.Build.0 = Debug|Any CPU
		{54AC4E06-F8BE-4749-A3A8-BB55177ADBBD}.Release|Any CPU.ActiveCfg = Release|Any CPU
		{54AC4E06-F8BE-4749-A3A8-BB55177ADBBD}.Release|Any CPU.Build.0 = Release|Any CPU
	EndGlobalSection
EndGlobal
