
Microsoft Visual Studio Solution File, Format Version 12.00
Project("{FAE04EC0-301F-11D3-BF4B-00C04F79EFBC}") = "CanUpdaterGui", "CanUpdaterGui\CanUpdaterGui.csproj", "{B13539B4-58A2-4345-80F4-056EEBBE590C}"
EndProject
Project("{FAE04EC0-301F-11D3-BF4B-00C04F79EFBC}") = "CanUpdaterCli", "CanUpdaterCli\CanUpdaterCli.csproj", "{AAEA0E65-2CCE-4309-A5F6-F380D42D0143}"
EndProject
Project("{FAE04EC0-301F-11D3-BF4B-00C04F79EFBC}") = "CanUpdater", "CanUpdater\CanUpdater.csproj", "{24B0B8B3-CA7C-41D9-91FA-7E8405AB6A6F}"
EndProject
Global
	GlobalSection(SolutionConfigurationPlatforms) = preSolution
		Debug|Any CPU = Debug|Any CPU
		Release|Any CPU = Release|Any CPU
	EndGlobalSection
	GlobalSection(ProjectConfigurationPlatforms) = postSolution
		{B13539B4-58A2-4345-80F4-056EEBBE590C}.Debug|Any CPU.ActiveCfg = Debug|Any CPU
		{B13539B4-58A2-4345-80F4-056EEBBE590C}.Debug|Any CPU.Build.0 = Debug|Any CPU
		{B13539B4-58A2-4345-80F4-056EEBBE590C}.Release|Any CPU.ActiveCfg = Release|Any CPU
		{B13539B4-58A2-4345-80F4-056EEBBE590C}.Release|Any CPU.Build.0 = Release|Any CPU
		{AAEA0E65-2CCE-4309-A5F6-F380D42D0143}.Debug|Any CPU.ActiveCfg = Debug|Any CPU
		{AAEA0E65-2CCE-4309-A5F6-F380D42D0143}.Debug|Any CPU.Build.0 = Debug|Any CPU
		{AAEA0E65-2CCE-4309-A5F6-F380D42D0143}.Release|Any CPU.ActiveCfg = Release|Any CPU
		{AAEA0E65-2CCE-4309-A5F6-F380D42D0143}.Release|Any CPU.Build.0 = Release|Any CPU
		{24B0B8B3-CA7C-41D9-91FA-7E8405AB6A6F}.Debug|Any CPU.ActiveCfg = Debug|Any CPU
		{24B0B8B3-CA7C-41D9-91FA-7E8405AB6A6F}.Debug|Any CPU.Build.0 = Debug|Any CPU
		{24B0B8B3-CA7C-41D9-91FA-7E8405AB6A6F}.Release|Any CPU.ActiveCfg = Release|Any CPU
		{24B0B8B3-CA7C-41D9-91FA-7E8405AB6A6F}.Release|Any CPU.Build.0 = Release|Any CPU
	EndGlobalSection
EndGlobal
